
Microsoft Visual Studio Solution File, Format Version 12.00
# Visual Studio Version 16
VisualStudioVersion = 16.0.31321.278
MinimumVisualStudioVersion = 10.0.40219.1
Project("{FAE04EC0-301F-11D3-BF4B-00C04F79EFBC}") = "Lab4", "Lab4\Lab4.csproj", "{80C172F6-8767-4918-AF87-EDF0FC8F6594}"
EndProject
Global
	GlobalSection(SolutionConfigurationPlatforms) = preSolution
		Debug|Any CPU = Debug|Any CPU
		Release|Any CPU = Release|Any CPU
	EndGlobalSection
	GlobalSection(ProjectConfigurationPlatforms) = postSolution
		{80C172F6-8767-4918-AF87-EDF0FC8F6594}.Debug|Any CPU.ActiveCfg = Debug|Any CPU
		{80C172F6-8767-4918-AF87-EDF0FC8F6594}.Debug|Any CPU.Build.0 = Debug|Any CPU
		{80C172F6-8767-4918-AF87-EDF0FC8F6594}.Release|Any CPU.ActiveCfg = Release|Any CPU
		{80C172F6-8767-4918-AF87-EDF0FC8F6594}.Release|Any CPU.Build.0 = Release|Any CPU
	EndGlobalSection
	GlobalSection(SolutionProperties) = preSolution
		HideSolutionNode = FALSE
	EndGlobalSection
	GlobalSection(ExtensibilityGlobals) = postSolution
		SolutionGuid = {CBE97A85-5C23-4BEE-99DA-FB4A37AF8D44}
	EndGlobalSection
EndGlobal
