
Microsoft Visual Studio Solution File, Format Version 12.00
# Visual Studio Version 16
VisualStudioVersion = 16.0.31321.278
MinimumVisualStudioVersion = 10.0.40219.1
Project("{FAE04EC0-301F-11D3-BF4B-00C04F79EFBC}") = "Lab3", "Lab3\Lab3.csproj", "{B4080CC0-F81F-4345-B076-FEA075179890}"
EndProject
Global
	GlobalSection(SolutionConfigurationPlatforms) = preSolution
		Debug|Any CPU = Debug|Any CPU
		Release|Any CPU = Release|Any CPU
	EndGlobalSection
	GlobalSection(ProjectConfigurationPlatforms) = postSolution
		{B4080CC0-F81F-4345-B076-FEA075179890}.Debug|Any CPU.ActiveCfg = Debug|Any CPU
		{B4080CC0-F81F-4345-B076-FEA075179890}.Debug|Any CPU.Build.0 = Debug|Any CPU
		{B4080CC0-F81F-4345-B076-FEA075179890}.Release|Any CPU.ActiveCfg = Release|Any CPU
		{B4080CC0-F81F-4345-B076-FEA075179890}.Release|Any CPU.Build.0 = Release|Any CPU
	EndGlobalSection
	GlobalSection(SolutionProperties) = preSolution
		HideSolutionNode = FALSE
	EndGlobalSection
	GlobalSection(ExtensibilityGlobals) = postSolution
		SolutionGuid = {6B1AA904-66BA-4F73-BC17-D5E7D759C524}
	EndGlobalSection
EndGlobal
